
Microsoft Visual Studio Solution File, Format Version 12.00
# Visual Studio 15
VisualStudioVersion = 15.0.27428.2043
MinimumVisualStudioVersion = 10.0.40219.1
Project("{FAE04EC0-301F-11D3-BF4B-00C04F79EFBC}") = "PM Diem Danh", "WindowsFormsApp2\PM Diem Danh.csproj", "{A3EC5D13-3461-4C17-873E-38DFC863A0B5}"
EndProject
Global
	GlobalSection(SolutionConfigurationPlatforms) = preSolution
		Debug|Any CPU = Debug|Any CPU
		Release|Any CPU = Release|Any CPU
	EndGlobalSection
	GlobalSection(ProjectConfigurationPlatforms) = postSolution
		{A3EC5D13-3461-4C17-873E-38DFC863A0B5}.Debug|Any CPU.ActiveCfg = Debug|Any CPU
		{A3EC5D13-3461-4C17-873E-38DFC863A0B5}.Debug|Any CPU.Build.0 = Debug|Any CPU
		{A3EC5D13-3461-4C17-873E-38DFC863A0B5}.Release|Any CPU.ActiveCfg = Release|Any CPU
		{A3EC5D13-3461-4C17-873E-38DFC863A0B5}.Release|Any CPU.Build.0 = Release|Any CPU
	EndGlobalSection
	GlobalSection(SolutionProperties) = preSolution
		HideSolutionNode = FALSE
	EndGlobalSection
	GlobalSection(ExtensibilityGlobals) = postSolution
		SolutionGuid = {4B6DCE17-7EFA-42BF-8BF2-32286BDEB632}
	EndGlobalSection
EndGlobal
